
Microsoft Visual Studio Solution File, Format Version 12.00
# Visual Studio Version 16
VisualStudioVersion = 16.0.30413.136
MinimumVisualStudioVersion = 10.0.40219.1
Project("{FAE04EC0-301F-11D3-BF4B-00C04F79EFBC}") = "BenchmarkExample", "BenchmarkExample\BenchmarkExample.csproj", "{BBB7AA95-62C4-4DB2-A330-935C0BDB1AD2}"
EndProject
Project("{FAE04EC0-301F-11D3-BF4B-00C04F79EFBC}") = "Benchmark", "BenchmarkException\Benchmark.csproj", "{9E4341AA-E218-4783-8D6B-E72FFAE230F6}"
EndProject
Global
	GlobalSection(SolutionConfigurationPlatforms) = preSolution
		Debug|Any CPU = Debug|Any CPU
		Release|Any CPU = Release|Any CPU
	EndGlobalSection
	GlobalSection(ProjectConfigurationPlatforms) = postSolution
		{BBB7AA95-62C4-4DB2-A330-935C0BDB1AD2}.Debug|Any CPU.ActiveCfg = Debug|Any CPU
		{BBB7AA95-62C4-4DB2-A330-935C0BDB1AD2}.Debug|Any CPU.Build.0 = Debug|Any CPU
		{BBB7AA95-62C4-4DB2-A330-935C0BDB1AD2}.Release|Any CPU.ActiveCfg = Release|Any CPU
		{BBB7AA95-62C4-4DB2-A330-935C0BDB1AD2}.Release|Any CPU.Build.0 = Release|Any CPU
		{9E4341AA-E218-4783-8D6B-E72FFAE230F6}.Debug|Any CPU.ActiveCfg = Debug|Any CPU
		{9E4341AA-E218-4783-8D6B-E72FFAE230F6}.Debug|Any CPU.Build.0 = Debug|Any CPU
		{9E4341AA-E218-4783-8D6B-E72FFAE230F6}.Release|Any CPU.ActiveCfg = Release|Any CPU
		{9E4341AA-E218-4783-8D6B-E72FFAE230F6}.Release|Any CPU.Build.0 = Release|Any CPU
	EndGlobalSection
	GlobalSection(SolutionProperties) = preSolution
		HideSolutionNode = FALSE
	EndGlobalSection
	GlobalSection(ExtensibilityGlobals) = postSolution
		SolutionGuid = {F861DC7A-F839-482F-90B7-6A26583076A6}
	EndGlobalSection
EndGlobal
